Microsoft Visual Studio Solution File, Format Version 11.00
# Visual Studio 2008

Project("{54BDEB87-65BD-16A8-0631-C91F13AF001B}") = "8주차~10주차 레이케스트, 보이지않는 벽", "Assembly-CSharp.csproj", "{C0B52AE6-EAC5-55E9-54C8-974B81BD0887}"
EndProject
Global
	GlobalSection(SolutionConfigurationPlatforms) = preSolution
		Debug|Any CPU = Debug|Any CPU
		Release|Any CPU = Release|Any CPU
	EndGlobalSection
	GlobalSection(ProjectConfigurationPlatforms) = postSolution
		{C0B52AE6-EAC5-55E9-54C8-974B81BD0887}.Debug|Any CPU.ActiveCfg = Debug|Any CPU
		{C0B52AE6-EAC5-55E9-54C8-974B81BD0887}.Debug|Any CPU.Build.0 = Debug|Any CPU
		{C0B52AE6-EAC5-55E9-54C8-974B81BD0887}.Release|Any CPU.ActiveCfg = Release|Any CPU
		{C0B52AE6-EAC5-55E9-54C8-974B81BD0887}.Release|Any CPU.Build.0 = Release|Any CPU
	EndGlobalSection
	GlobalSection(SolutionProperties) = preSolution
		HideSolutionNode = FALSE
	EndGlobalSection
	GlobalSection(MonoDevelopProperties) = preSolution
		StartupItem = Assembly-CSharp.csproj
	EndGlobalSection
EndGlobal
